
Microsoft Visual Studio Solution File, Format Version 12.00
# Visual Studio Version 17
VisualStudioVersion = 17.0.32014.148
MinimumVisualStudioVersion = 10.0.40219.1
Project("{FAE04EC0-301F-11D3-BF4B-00C04F79EFBC}") = "CourierSevice", "CourierSevice\CourierSevice.csproj", "{6316F402-7C77-414E-991C-C9166ED29538}"
EndProject
Project("{FAE04EC0-301F-11D3-BF4B-00C04F79EFBC}") = "Parsel", "Parsel\Parsel.csproj", "{32F1D4DC-15F7-4AE7-B2B7-F71BBDB77CB5}"
EndProject
Project("{FAE04EC0-301F-11D3-BF4B-00C04F79EFBC}") = "PersonsAndCustomers", "PersonsAndCustomers\PersonsAndCustomers.csproj", "{5D989F0E-538C-4E93-8AC0-F84736C518A7}"
EndProject
Global
	GlobalSection(SolutionConfigurationPlatforms) = preSolution
		Debug|Any CPU = Debug|Any CPU
		Release|Any CPU = Release|Any CPU
	EndGlobalSection
	GlobalSection(ProjectConfigurationPlatforms) = postSolution
		{6316F402-7C77-414E-991C-C9166ED29538}.Debug|Any CPU.ActiveCfg = Debug|Any CPU
		{6316F402-7C77-414E-991C-C9166ED29538}.Debug|Any CPU.Build.0 = Debug|Any CPU
		{6316F402-7C77-414E-991C-C9166ED29538}.Release|Any CPU.ActiveCfg = Release|Any CPU
		{6316F402-7C77-414E-991C-C9166ED29538}.Release|Any CPU.Build.0 = Release|Any CPU
		{32F1D4DC-15F7-4AE7-B2B7-F71BBDB77CB5}.Debug|Any CPU.ActiveCfg = Debug|Any CPU
		{32F1D4DC-15F7-4AE7-B2B7-F71BBDB77CB5}.Debug|Any CPU.Build.0 = Debug|Any CPU
		{32F1D4DC-15F7-4AE7-B2B7-F71BBDB77CB5}.Release|Any CPU.ActiveCfg = Release|Any CPU
		{32F1D4DC-15F7-4AE7-B2B7-F71BBDB77CB5}.Release|Any CPU.Build.0 = Release|Any CPU
		{5D989F0E-538C-4E93-8AC0-F84736C518A7}.Debug|Any CPU.ActiveCfg = Debug|Any CPU
		{5D989F0E-538C-4E93-8AC0-F84736C518A7}.Debug|Any CPU.Build.0 = Debug|Any CPU
		{5D989F0E-538C-4E93-8AC0-F84736C518A7}.Release|Any CPU.ActiveCfg = Release|Any CPU
		{5D989F0E-538C-4E93-8AC0-F84736C518A7}.Release|Any CPU.Build.0 = Release|Any CPU
	EndGlobalSection
	GlobalSection(SolutionProperties) = preSolution
		HideSolutionNode = FALSE
	EndGlobalSection
	GlobalSection(ExtensibilityGlobals) = postSolution
		SolutionGuid = {E9E17BDB-7188-44C6-B2CF-C46131F505F9}
	EndGlobalSection
EndGlobal
