
Microsoft Visual Studio Solution File, Format Version 12.00
# Visual Studio Version 17
VisualStudioVersion = 17.0.32014.148
MinimumVisualStudioVersion = 10.0.40219.1
Project("{9A19103F-16F7-4668-BE54-9A1E7A4F7556}") = "CourierSevice", "CourierSevice\CourierSevice.csproj", "{6316F402-7C77-414E-991C-C9166ED29538}"
EndProject
Project("{9A19103F-16F7-4668-BE54-9A1E7A4F7556}") = "Parcel", "Parsel\Parcel.csproj", "{32F1D4DC-15F7-4AE7-B2B7-F71BBDB77CB5}"
EndProject
Project("{9A19103F-16F7-4668-BE54-9A1E7A4F7556}") = "PersonsAndCustomers", "PersonsAndCustomers\PersonsAndCustomers.csproj", "{5D989F0E-538C-4E93-8AC0-F84736C518A7}"
EndProject
Project("{9A19103F-16F7-4668-BE54-9A1E7A4F7556}") = "SingleOrderDoc", "SingleOrderDoc\SingleOrderDoc.csproj", "{21A7231B-FDC8-4211-898D-4AA2FB45D2BD}"
EndProject
Project("{9A19103F-16F7-4668-BE54-9A1E7A4F7556}") = "Branch", "Branch\Branch.csproj", "{B71ED14A-E01C-4791-87D8-77878C5391AD}"
EndProject
Project("{FAE04EC0-301F-11D3-BF4B-00C04F79EFBC}") = "WebCustomerOrder", "WebCustomerOrder\WebCustomerOrder.csproj", "{2AEDFF86-0129-4218-A9F6-7E67B194FBDF}"
EndProject
Project("{FAE04EC0-301F-11D3-BF4B-00C04F79EFBC}") = "CourierServiceAPI", "CourierServiceAPI\CourierServiceAPI.csproj", "{FF73B33C-DE04-4191-A193-DD3A42DE4695}"
EndProject
Global
	GlobalSection(SolutionConfigurationPlatforms) = preSolution
		Debug|Any CPU = Debug|Any CPU
		Release|Any CPU = Release|Any CPU
	EndGlobalSection
	GlobalSection(ProjectConfigurationPlatforms) = postSolution
		{6316F402-7C77-414E-991C-C9166ED29538}.Debug|Any CPU.ActiveCfg = Debug|Any CPU
		{6316F402-7C77-414E-991C-C9166ED29538}.Debug|Any CPU.Build.0 = Debug|Any CPU
		{6316F402-7C77-414E-991C-C9166ED29538}.Release|Any CPU.ActiveCfg = Release|Any CPU
		{6316F402-7C77-414E-991C-C9166ED29538}.Release|Any CPU.Build.0 = Release|Any CPU
		{32F1D4DC-15F7-4AE7-B2B7-F71BBDB77CB5}.Debug|Any CPU.ActiveCfg = Debug|Any CPU
		{32F1D4DC-15F7-4AE7-B2B7-F71BBDB77CB5}.Debug|Any CPU.Build.0 = Debug|Any CPU
		{32F1D4DC-15F7-4AE7-B2B7-F71BBDB77CB5}.Release|Any CPU.ActiveCfg = Release|Any CPU
		{32F1D4DC-15F7-4AE7-B2B7-F71BBDB77CB5}.Release|Any CPU.Build.0 = Release|Any CPU
		{5D989F0E-538C-4E93-8AC0-F84736C518A7}.Debug|Any CPU.ActiveCfg = Debug|Any CPU
		{5D989F0E-538C-4E93-8AC0-F84736C518A7}.Debug|Any CPU.Build.0 = Debug|Any CPU
		{5D989F0E-538C-4E93-8AC0-F84736C518A7}.Release|Any CPU.ActiveCfg = Release|Any CPU
		{5D989F0E-538C-4E93-8AC0-F84736C518A7}.Release|Any CPU.Build.0 = Release|Any CPU
		{21A7231B-FDC8-4211-898D-4AA2FB45D2BD}.Debug|Any CPU.ActiveCfg = Debug|Any CPU
		{21A7231B-FDC8-4211-898D-4AA2FB45D2BD}.Debug|Any CPU.Build.0 = Debug|Any CPU
		{21A7231B-FDC8-4211-898D-4AA2FB45D2BD}.Release|Any CPU.ActiveCfg = Release|Any CPU
		{21A7231B-FDC8-4211-898D-4AA2FB45D2BD}.Release|Any CPU.Build.0 = Release|Any CPU
		{B71ED14A-E01C-4791-87D8-77878C5391AD}.Debug|Any CPU.ActiveCfg = Debug|Any CPU
		{B71ED14A-E01C-4791-87D8-77878C5391AD}.Debug|Any CPU.Build.0 = Debug|Any CPU
		{B71ED14A-E01C-4791-87D8-77878C5391AD}.Release|Any CPU.ActiveCfg = Release|Any CPU
		{B71ED14A-E01C-4791-87D8-77878C5391AD}.Release|Any CPU.Build.0 = Release|Any CPU
		{2AEDFF86-0129-4218-A9F6-7E67B194FBDF}.Debug|Any CPU.ActiveCfg = Debug|Any CPU
		{2AEDFF86-0129-4218-A9F6-7E67B194FBDF}.Debug|Any CPU.Build.0 = Debug|Any CPU
		{2AEDFF86-0129-4218-A9F6-7E67B194FBDF}.Release|Any CPU.ActiveCfg = Release|Any CPU
		{2AEDFF86-0129-4218-A9F6-7E67B194FBDF}.Release|Any CPU.Build.0 = Release|Any CPU
		{FF73B33C-DE04-4191-A193-DD3A42DE4695}.Debug|Any CPU.ActiveCfg = Debug|Any CPU
		{FF73B33C-DE04-4191-A193-DD3A42DE4695}.Debug|Any CPU.Build.0 = Debug|Any CPU
		{FF73B33C-DE04-4191-A193-DD3A42DE4695}.Release|Any CPU.ActiveCfg = Release|Any CPU
		{FF73B33C-DE04-4191-A193-DD3A42DE4695}.Release|Any CPU.Build.0 = Release|Any CPU
	EndGlobalSection
	GlobalSection(SolutionProperties) = preSolution
		HideSolutionNode = FALSE
	EndGlobalSection
	GlobalSection(ExtensibilityGlobals) = postSolution
		SolutionGuid = {E9E17BDB-7188-44C6-B2CF-C46131F505F9}
	EndGlobalSection
EndGlobal
